
Microsoft Visual Studio Solution File, Format Version 12.00
# Visual Studio Version 16
VisualStudioVersion = 16.0.30413.136
MinimumVisualStudioVersion = 10.0.40219.1
Project("{FAE04EC0-301F-11D3-BF4B-00C04F79EFBC}") = "Modulo", "Modulo.csproj", "{3DD78A6E-1857-466C-9025-9A9324E01DA1}"
EndProject
Global
	GlobalSection(SolutionConfigurationPlatforms) = preSolution
		Debug|Any CPU = Debug|Any CPU
		Release|Any CPU = Release|Any CPU
	EndGlobalSection
	GlobalSection(ProjectConfigurationPlatforms) = postSolution
		{3DD78A6E-1857-466C-9025-9A9324E01DA1}.Debug|Any CPU.ActiveCfg = Debug|Any CPU
		{3DD78A6E-1857-466C-9025-9A9324E01DA1}.Debug|Any CPU.Build.0 = Debug|Any CPU
		{3DD78A6E-1857-466C-9025-9A9324E01DA1}.Release|Any CPU.ActiveCfg = Release|Any CPU
		{3DD78A6E-1857-466C-9025-9A9324E01DA1}.Release|Any CPU.Build.0 = Release|Any CPU
	EndGlobalSection
	GlobalSection(SolutionProperties) = preSolution
		HideSolutionNode = FALSE
	EndGlobalSection
	GlobalSection(ExtensibilityGlobals) = postSolution
		SolutionGuid = {D14FC3B8-52FF-432F-9BDD-CA29FD8B4CD6}
	EndGlobalSection
EndGlobal
